dependencies:
- name: postgresql
  repository: oci://registry-1.docker.io/bitnamicharts
  version: 14.3.3
- name: redis
  repository: oci://registry-1.docker.io/bitnamicharts
  version: 18.19.4
- name: kafka
  repository: oci://registry-1.docker.io/bitnamicharts
  version: 26.11.4
- name: mongodb
  repository: oci://registry-1.docker.io/bitnamicharts
  version: 14.13.0
- name: clickhouse
  repository: oci://registry-1.docker.io/bitnamicharts
  version: 6.0.2
digest: sha256:849a9bf101f0f355ef5462e3523a9b8aa848a5e80b9d24897cc75fb61407d6b2
generated: "2024-04-11T08:04:50.759931548+02:00"
