dependencies:
- name: postgresql
  repository: oci://registry-1.docker.io/bitnamicharts
  version: 16.0.1
- name: redis
  repository: oci://registry-1.docker.io/bitnamicharts
  version: 20.2.0
- name: kafka
  repository: oci://registry-1.docker.io/bitnamicharts
  version: 30.1.5
- name: mongodb
  repository: oci://registry-1.docker.io/bitnamicharts
  version: 16.0.3
- name: clickhouse
  repository: oci://registry-1.docker.io/bitnamicharts
  version: 6.2.27
digest: sha256:3975824a58decad37bfddf78e2de3ed35c50c3199942d5d1756de5a2a3f12a11
generated: "2024-10-11T12:01:43.61881714+02:00"
