dependencies:
- name: postgresql
  repository: oci://registry-1.docker.io/bitnamicharts
  version: 16.7.27
- name: redis
  repository: oci://registry-1.docker.io/bitnamicharts
  version: 22.0.6
- name: kafka
  repository: oci://registry-1.docker.io/bitnamicharts
  version: 32.4.3
- name: mongodb
  repository: oci://registry-1.docker.io/bitnamicharts
  version: 16.5.45
- name: clickhouse
  repository: oci://registry-1.docker.io/bitnamicharts
  version: 9.4.4
digest: sha256:5434fb66d887fb7fbd5ec169af4b740ab9cbf740961225b1dd8670b2df09dca2
generated: "2025-08-27T16:24:38.422740319+02:00"
